dependencies:
- name: mysql
  repository: https://kubernetes-charts.storage.googleapis.com
  version: 1.6.4
- name: redis
  repository: https://kubernetes-charts.storage.googleapis.com
  version: 10.4.4
- name: elasticsearch
  repository: https://helm.elastic.co
  version: 7.6.2
- name: kibana
  repository: https://helm.elastic.co
  version: 7.6.2
digest: sha256:93a41a9b9e28be227dc954520268ea6f17fde8d199e7b47893a5aa58fa8c0529
generated: "2020-07-09T10:49:00.407093456+02:00"
