dependencies:
- name: mysql
  repository: https://charts.bitnami.com/bitnami
  version: 8.4.2
- name: redis
  repository: https://charts.bitnami.com/bitnami
  version: 12.7.4
digest: sha256:f6326fcf21f112837d8248133832eba4052d5ae8beac454487914b2e5cc9db9d
generated: "2021-02-19T14:30:02.54394626+01:00"
