dependencies:
- name: mysql
  repository: https://kubernetes-charts.storage.googleapis.com
  version: 1.6.4
- name: redis
  repository: https://kubernetes-charts.storage.googleapis.com
  version: 10.4.4
- name: elasticsearch
  repository: https://helm.elastic.co
  version: 7.6.2
- name: kibana
  repository: https://helm.elastic.co
  version: 7.6.2
digest: sha256:ef52a0dac1cc9a506542fd45c9e381e5a36bfcb43d2a8e767b1df4945e50281a
generated: "2020-09-22T08:11:34.651001162Z"
